// !$*UTF8*$!
{
	archiveVersion = 1;
	classes = {
	};
	objectVersion = 50;
	objects = {

/* Begin PBXBuildFile section */
		887D810426503D8D0070A63D /* Meal.swift in Sources */ = {isa = PBXBuildFile; fileRef = 887D810326503D8D0070A63D /* Meal.swift */; };
		887D810726503E350070A63D /* ItemsMeal.swift in Sources */ = {isa = PBXBuildFile; fileRef = 887D810626503E350070A63D /* ItemsMeal.swift */; };
		88C70B49264F6500009D02D7 /* AppDelegate.swift in Sources */ = {isa = PBXBuildFile; fileRef = 88C70B48264F6500009D02D7 /* AppDelegate.swift */; };
		88C70B4B264F6500009D02D7 /* SceneDelegate.swift in Sources */ = {isa = PBXBuildFile; fileRef = 88C70B4A264F6500009D02D7 /* SceneDelegate.swift */; };
		88C70B4D264F6500009D02D7 /* AddMealViewController.swift in Sources */ = {isa = PBXBuildFile; fileRef = 88C70B4C264F6500009D02D7 /* AddMealViewController.swift */; };
		88C70B50264F6500009D02D7 /* Main.storyboard in Resources */ = {isa = PBXBuildFile; fileRef = 88C70B4E264F6500009D02D7 /* Main.storyboard */; };
		88C70B52264F6501009D02D7 /* Assets.xcassets in Resources */ = {isa = PBXBuildFile; fileRef = 88C70B51264F6501009D02D7 /* Assets.xcassets */; };
		88C70B55264F6501009D02D7 /* LaunchScreen.storyboard in Resources */ = {isa = PBXBuildFile; fileRef = 88C70B53264F6501009D02D7 /* LaunchScreen.storyboard */; };
/* End PBXBuildFile section */

/* Begin PBXFileReference section */
		887D810326503D8D0070A63D /* Meal.swift */ = {isa = PBXFileReference; lastKnownFileType = sourcecode.swift; path = Meal.swift; sourceTree = "<group>"; };
		887D810626503E350070A63D /* ItemsMeal.swift */ = {isa = PBXFileReference; lastKnownFileType = sourcecode.swift; path = ItemsMeal.swift; sourceTree = "<group>"; };
		88C70B45264F6500009D02D7 /* meals.app */ = {isa = PBXFileReference; explicitFileType = wrapper.application; includeInIndex = 0; path = meals.app; sourceTree = BUILT_PRODUCTS_DIR; };
		88C70B48264F6500009D02D7 /* AppDelegate.swift */ = {isa = PBXFileReference; lastKnownFileType = sourcecode.swift; path = AppDelegate.swift; sourceTree = "<group>"; };
		88C70B4A264F6500009D02D7 /* SceneDelegate.swift */ = {isa = PBXFileReference; lastKnownFileType = sourcecode.swift; path = SceneDelegate.swift; sourceTree = "<group>"; };
		88C70B4C264F6500009D02D7 /* AddMealViewController.swift */ = {isa = PBXFileReference; lastKnownFileType = sourcecode.swift; path = AddMealViewController.swift; sourceTree = "<group>"; };
		88C70B4F264F6500009D02D7 /* Base */ = {isa = PBXFileReference; lastKnownFileType = file.storyboard; name = Base; path = Base.lproj/Main.storyboard; sourceTree = "<group>"; };
		88C70B51264F6501009D02D7 /* Assets.xcassets */ = {isa = PBXFileReference; lastKnownFileType = folder.assetcatalog; path = Assets.xcassets; sourceTree = "<group>"; };
		88C70B54264F6501009D02D7 /* Base */ = {isa = PBXFileReference; lastKnownFileType = file.storyboard; name = Base; path = Base.lproj/LaunchScreen.storyboard; sourceTree = "<group>"; };
		88C70B56264F6501009D02D7 /* Info.plist */ = {isa = PBXFileReference; lastKnownFileType = text.plist.xml; path = Info.plist; sourceTree = "<group>"; };
		88C70B5E264F79ED009D02D7 /* MyPlayground.playground */ = {isa = PBXFileReference; lastKnownFileType = file.playground; path = MyPlayground.playground; sourceTree = "<group>"; xcLanguageSpecificationIdentifier = xcode.lang.swift; };
/* End PBXFileReference section */

/* Begin PBXFrameworksBuildPhase section */
		88C70B42264F6500009D02D7 /* Frameworks */ = {
			isa = PBXFrameworksBuildPhase;
			buildActionMask = 2147483647;
			files = (
			);
			runOnlyForDeploymentPostprocessing = 0;
		};
/* End PBXFrameworksBuildPhase section */

/* Begin PBXGroup section */
		887D810926503E9B0070A63D /* Model */ = {
			isa = PBXGroup;
			children = (
				887D810326503D8D0070A63D /* Meal.swift */,
				887D810626503E350070A63D /* ItemsMeal.swift */,
			);
			path = Model;
			sourceTree = "<group>";
		};
		887D810A26503EB40070A63D /* View */ = {
			isa = PBXGroup;
			children = (
				88C70B4E264F6500009D02D7 /* Main.storyboard */,
			);
			path = View;
			sourceTree = "<group>";
		};
		887D810B26503EC50070A63D /* Controller */ = {
			isa = PBXGroup;
			children = (
				88C70B4C264F6500009D02D7 /* AddMealViewController.swift */,
			);
			path = Controller;
			sourceTree = "<group>";
		};
		88C70B3C264F6500009D02D7 = {
			isa = PBXGroup;
			children = (
				88C70B47264F6500009D02D7 /* meals */,
				88C70B46264F6500009D02D7 /* Products */,
			);
			sourceTree = "<group>";
		};
		88C70B46264F6500009D02D7 /* Products */ = {
			isa = PBXGroup;
			children = (
				88C70B45264F6500009D02D7 /* meals.app */,
			);
			name = Products;
			sourceTree = "<group>";
		};
		88C70B47264F6500009D02D7 /* meals */ = {
			isa = PBXGroup;
			children = (
				887D810926503E9B0070A63D /* Model */,
				887D810A26503EB40070A63D /* View */,
				887D810B26503EC50070A63D /* Controller */,
				88C70B48264F6500009D02D7 /* AppDelegate.swift */,
				88C70B4A264F6500009D02D7 /* SceneDelegate.swift */,
				88C70B51264F6501009D02D7 /* Assets.xcassets */,
				88C70B5E264F79ED009D02D7 /* MyPlayground.playground */,
				88C70B53264F6501009D02D7 /* LaunchScreen.storyboard */,
				88C70B56264F6501009D02D7 /* Info.plist */,
			);
			path = meals;
			sourceTree = "<group>";
		};
/* End PBXGroup section */

/* Begin PBXNativeTarget section */
		88C70B44264F6500009D02D7 /* meals */ = {
			isa = PBXNativeTarget;
			buildConfigurationList = 88C70B59264F6501009D02D7 /* Build configuration list for PBXNativeTarget "meals" */;
			buildPhases = (
				88C70B41264F6500009D02D7 /* Sources */,
				88C70B42264F6500009D02D7 /* Frameworks */,
				88C70B43264F6500009D02D7 /* Resources */,
			);
			buildRules = (
			);
			dependencies = (
			);
			name = meals;
			productName = meals;
			productReference = 88C70B45264F6500009D02D7 /* meals.app */;
			productType = "com.apple.product-type.application";
		};
/* End PBXNativeTarget section */

/* Begin PBXProject section */
		88C70B3D264F6500009D02D7 /* Project object */ = {
			isa = PBXProject;
			attributes = {
				LastSwiftUpdateCheck = 1200;
				LastUpgradeCheck = 1200;
				TargetAttributes = {
					88C70B44264F6500009D02D7 = {
						CreatedOnToolsVersion = 12.0;
					};
				};
			};
			buildConfigurationList = 88C70B40264F6500009D02D7 /* Build configuration list for PBXProject "meals" */;
			compatibilityVersion = "Xcode 9.3";
			developmentRegion = en;
			hasScannedForEncodings = 0;
			knownRegions = (
				en,
				Base,
			);
			mainGroup = 88C70B3C264F6500009D02D7;
			productRefGroup = 88C70B46264F6500009D02D7 /* Products */;
			projectDirPath = "";
			projectRoot = "";
			targets = (
				88C70B44264F6500009D02D7 /* meals */,
			);
		};
/* End PBXProject section */

/* Begin PBXResourcesBuildPhase section */
		88C70B43264F6500009D02D7 /* Resources */ = {
			isa = PBXResourcesBuildPhase;
			buildActionMask = 2147483647;
			files = (
				88C70B55264F6501009D02D7 /* LaunchScreen.storyboard in Resources */,
				88C70B52264F6501009D02D7 /* Assets.xcassets in Resources */,
				88C70B50264F6500009D02D7 /* Main.storyboard in Resources */,
			);
			runOnlyForDeploymentPostprocessing = 0;
		};
/* End PBXResourcesBuildPhase section */

/* Begin PBXSourcesBuildPhase section */
		88C70B41264F6500009D02D7 /* Sources */ = {
			isa = PBXSourcesBuildPhase;
			buildActionMask = 2147483647;
			files = (
				887D810426503D8D0070A63D /* Meal.swift in Sources */,
				88C70B4D264F6500009D02D7 /* AddMealViewController.swift in Sources */,
				88C70B49264F6500009D02D7 /* AppDelegate.swift in Sources */,
				88C70B4B264F6500009D02D7 /* SceneDelegate.swift in Sources */,
				887D810726503E350070A63D /* ItemsMeal.swift in Sources */,
			);
			runOnlyForDeploymentPostprocessing = 0;
		};
/* End PBXSourcesBuildPhase section */

/* Begin PBXVariantGroup section */
		88C70B4E264F6500009D02D7 /* Main.storyboard */ = {
			isa = PBXVariantGroup;
			children = (
				88C70B4F264F6500009D02D7 /* Base */,
			);
			name = Main.storyboard;
			sourceTree = "<group>";
		};
		88C70B53264F6501009D02D7 /* LaunchScreen.storyboard */ = {
			isa = PBXVariantGroup;
			children = (
				88C70B54264F6501009D02D7 /* Base */,
			);
			name = LaunchScreen.storyboard;
			sourceTree = "<group>";
		};
/* End PBXVariantGroup section */

/* Begin XCBuildConfiguration section */
		88C70B57264F6501009D02D7 /* Debug */ = {
			isa = XCBuildConfiguration;
			buildSettings = {
				ALWAYS_SEARCH_USER_PATHS = NO;
				CLANG_ANALYZER_NONNULL = YES;
				CLANG_ANALYZER_NUMBER_OBJECT_CONVERSION = YES_AGGRESSIVE;
				CLANG_CXX_LANGUAGE_STANDARD = "gnu++14";
				CLANG_CXX_LIBRARY = "libc++";
				CLANG_ENABLE_MODULES = YES;
				CLANG_ENABLE_OBJC_ARC = YES;
				CLANG_ENABLE_OBJC_WEAK = YES;
				CLANG_WARN_BLOCK_CAPTURE_AUTORELEASING = YES;
				CLANG_WARN_BOOL_CONVERSION = YES;
				CLANG_WARN_COMMA = YES;
				CLANG_WARN_CONSTANT_CONVERSION = YES;
				CLANG_WARN_DEPRECATED_OBJC_IMPLEMENTATIONS = YES;
				CLANG_WARN_DIRECT_OBJC_ISA_USAGE = YES_ERROR;
				CLANG_WARN_DOCUMENTATION_COMMENTS = YES;
				CLANG_WARN_EMPTY_BODY = YES;
				CLANG_WARN_ENUM_CONVERSION = YES;
				CLANG_WARN_INFINITE_RECURSION = YES;
				CLANG_WARN_INT_CONVERSION = YES;
				CLANG_WARN_NON_LITERAL_NULL_CONVERSION = YES;
				CLANG_WARN_OBJC_IMPLICIT_RETAIN_SELF = YES;
				CLANG_WARN_OBJC_LITERAL_CONVERSION = YES;
				CLANG_WARN_OBJC_ROOT_CLASS = YES_ERROR;
				CLANG_WARN_QUOTED_INCLUDE_IN_FRAMEWORK_HEADER = YES;
				CLANG_WARN_RANGE_LOOP_ANALYSIS = YES;
				CLANG_WARN_STRICT_PROTOTYPES = YES;
				CLANG_WARN_SUSPICIOUS_MOVE = YES;
				CLANG_WARN_UNGUARDED_AVAILABILITY = YES_AGGRESSIVE;
				CLANG_WARN_UNREACHABLE_CODE = YES;
				CLANG_WARN__DUPLICATE_METHOD_MATCH = YES;
				COPY_PHASE_STRIP = NO;
				DEBUG_INFORMATION_FORMAT = dwarf;
				ENABLE_STRICT_OBJC_MSGSEND = YES;
				ENABLE_TESTABILITY = YES;
				GCC_C_LANGUAGE_STANDARD = gnu11;
				GCC_DYNAMIC_NO_PIC = NO;
				GCC_NO_COMMON_BLOCKS = YES;
				GCC_OPTIMIZATION_LEVEL = 0;
				GCC_PREPROCESSOR_DEFINITIONS = (
					"DEBUG=1",
					"$(inherited)",
				);
				GCC_WARN_64_TO_32_BIT_CONVERSION = YES;
				GCC_WARN_ABOUT_RETURN_TYPE = YES_ERROR;
				GCC_WARN_UNDECLARED_SELECTOR = YES;
				GCC_WARN_UNINITIALIZED_AUTOS = YES_AGGRESSIVE;
				GCC_WARN_UNUSED_FUNCTION = YES;
				GCC_WARN_UNUSED_VARIABLE = YES;
				IPHONEOS_DEPLOYMENT_TARGET = 14.0;
				MTL_ENABLE_DEBUG_INFO = INCLUDE_SOURCE;
				MTL_FAST_MATH = YES;
				ONLY_ACTIVE_ARCH = YES;
				SDKROOT = iphoneos;
				SWIFT_ACTIVE_COMPILATION_CONDITIONS = DEBUG;
				SWIFT_OPTIMIZATION_LEVEL = "-Onone";
			};
			name = Debug;
		};
		88C70B58264F6501009D02D7 /* Release */ = {
			isa = XCBuildConfiguration;
			buildSettings = {
				ALWAYS_SEARCH_USER_PATHS = NO;
				CLANG_ANALYZER_NONNULL = YES;
				CLANG_ANALYZER_NUMBER_OBJECT_CONVERSION = YES_AGGRESSIVE;
				CLANG_CXX_LANGUAGE_STANDARD = "gnu++14";
				CLANG_CXX_LIBRARY = "libc++";
				CLANG_ENABLE_MODULES = YES;
				CLANG_ENABLE_OBJC_ARC = YES;
				CLANG_ENABLE_OBJC_WEAK = YES;
				CLANG_WARN_BLOCK_CAPTURE_AUTORELEASING = YES;
				CLANG_WARN_BOOL_CONVERSION = YES;
				CLANG_WARN_COMMA = YES;
				CLANG_WARN_CONSTANT_CONVERSION = YES;
				CLANG_WARN_DEPRECATED_OBJC_IMPLEMENTATIONS = YES;
				CLANG_WARN_DIRECT_OBJC_ISA_USAGE = YES_ERROR;
				CLANG_WARN_DOCUMENTATION_COMMENTS = YES;
				CLANG_WARN_EMPTY_BODY = YES;
				CLANG_WARN_ENUM_CONVERSION = YES;
				CLANG_WARN_INFINITE_RECURSION = YES;
				CLANG_WARN_INT_CONVERSION = YES;
				CLANG_WARN_NON_LITERAL_NULL_CONVERSION = YES;
				CLANG_WARN_OBJC_IMPLICIT_RETAIN_SELF = YES;
				CLANG_WARN_OBJC_LITERAL_CONVERSION = YES;
				CLANG_WARN_OBJC_ROOT_CLASS = YES_ERROR;
				CLANG_WARN_QUOTED_INCLUDE_IN_FRAMEWORK_HEADER = YES;
				CLANG_WARN_RANGE_LOOP_ANALYSIS = YES;
				CLANG_WARN_STRICT_PROTOTYPES = YES;
				CLANG_WARN_SUSPICIOUS_MOVE = YES;
				CLANG_WARN_UNGUARDED_AVAILABILITY = YES_AGGRESSIVE;
				CLANG_WARN_UNREACHABLE_CODE = YES;
				CLANG_WARN__DUPLICATE_METHOD_MATCH = YES;
				COPY_PHASE_STRIP = NO;
				DEBUG_INFORMATION_FORMAT = "dwarf-with-dsym";
				ENABLE_NS_ASSERTIONS = NO;
				ENABLE_STRICT_OBJC_MSGSEND = YES;
				GCC_C_LANGUAGE_STANDARD = gnu11;
				GCC_NO_COMMON_BLOCKS = YES;
				GCC_WARN_64_TO_32_BIT_CONVERSION = YES;
				GCC_WARN_ABOUT_RETURN_TYPE = YES_ERROR;
				GCC_WARN_UNDECLARED_SELECTOR = YES;
				GCC_WARN_UNINITIALIZED_AUTOS = YES_AGGRESSIVE;
				GCC_WARN_UNUSED_FUNCTION = YES;
				GCC_WARN_UNUSED_VARIABLE = YES;
				IPHONEOS_DEPLOYMENT_TARGET = 14.0;
				MTL_ENABLE_DEBUG_INFO = NO;
				MTL_FAST_MATH = YES;
				SDKROOT = iphoneos;
				SWIFT_COMPILATION_MODE = wholemodule;
				SWIFT_OPTIMIZATION_LEVEL = "-O";
				VALIDATE_PRODUCT = YES;
			};
			name = Release;
		};
		88C70B5A264F6501009D02D7 /* Debug */ = {
			isa = XCBuildConfiguration;
			buildSettings = {
				ASSETCATALOG_COMPILER_APPICON_NAME = AppIcon;
				ASSETCATALOG_COMPILER_GLOBAL_ACCENT_COLOR_NAME = AccentColor;
				CODE_SIGN_STYLE = Automatic;
				DEVELOPMENT_TEAM = J89XP6WQS5;
				INFOPLIST_FILE = meals/Info.plist;
				LD_RUNPATH_SEARCH_PATHS = (
					"$(inherited)",
					"@executable_path/Frameworks",
				);
				PRODUCT_BUNDLE_IDENTIFIER = br.com.vierrra.meals;
				PRODUCT_NAME = "$(TARGET_NAME)";
				SWIFT_VERSION = 5.0;
				TARGETED_DEVICE_FAMILY = "1,2";
			};
			name = Debug;
		};
		88C70B5B264F6501009D02D7 /* Release */ = {
			isa = XCBuildConfiguration;
			buildSettings = {
				ASSETCATALOG_COMPILER_APPICON_NAME = AppIcon;
				ASSETCATALOG_COMPILER_GLOBAL_ACCENT_COLOR_NAME = AccentColor;
				CODE_SIGN_STYLE = Automatic;
				DEVELOPMENT_TEAM = J89XP6WQS5;
				INFOPLIST_FILE = meals/Info.plist;
				LD_RUNPATH_SEARCH_PATHS = (
					"$(inherited)",
					"@executable_path/Frameworks",
				);
				PRODUCT_BUNDLE_IDENTIFIER = br.com.vierrra.meals;
				PRODUCT_NAME = "$(TARGET_NAME)";
				SWIFT_VERSION = 5.0;
				TARGETED_DEVICE_FAMILY = "1,2";
			};
			name = Release;
		};
/* End XCBuildConfiguration section */

/* Begin XCConfigurationList section */
		88C70B40264F6500009D02D7 /* Build configuration list for PBXProject "meals" */ = {
			isa = XCConfigurationList;
			buildConfigurations = (
				88C70B57264F6501009D02D7 /* Debug */,
				88C70B58264F6501009D02D7 /* Release */,
			);
			defaultConfigurationIsVisible = 0;
			defaultConfigurationName = Release;
		};
		88C70B59264F6501009D02D7 /* Build configuration list for PBXNativeTarget "meals" */ = {
			isa = XCConfigurationList;
			buildConfigurations = (
				88C70B5A264F6501009D02D7 /* Debug */,
				88C70B5B264F6501009D02D7 /* Release */,
			);
			defaultConfigurationIsVisible = 0;
			defaultConfigurationName = Release;
		};
/* End XCConfigurationList section */
	};
	rootObject = 88C70B3D264F6500009D02D7 /* Project object */;
}
